// !$*UTF8*$!
{
	archiveVersion = 1;
	classes = {
	};
	objectVersion = 46;
	objects = {

/* Begin PBXBuildFile section */
		27894CA819CBD48F0009D9DE /* autoscaling-2011-01-01.json in Resources */ = {isa = PBXBuildFile; fileRef = 27894C9919CBD48F0009D9DE /* autoscaling-2011-01-01.json */; };
		27894CA919CBD48F0009D9DE /* cib-2014-06-30.json in Resources */ = {isa = PBXBuildFile; fileRef = 27894C9A19CBD48F0009D9DE /* cib-2014-06-30.json */; };
		27894CAA19CBD48F0009D9DE /* css-2014-06-30.json in Resources */ = {isa = PBXBuildFile; fileRef = 27894C9B19CBD48F0009D9DE /* css-2014-06-30.json */; };
		27894CAB19CBD48F0009D9DE /* dynamodb-2012-08-10.json in Resources */ = {isa = PBXBuildFile; fileRef = 27894C9C19CBD48F0009D9DE /* dynamodb-2012-08-10.json */; };
		27894CAC19CBD48F0009D9DE /* ec2-2014-06-15.json in Resources */ = {isa = PBXBuildFile; fileRef = 27894C9D19CBD48F0009D9DE /* ec2-2014-06-15.json */; };
		27894CAD19CBD48F0009D9DE /* elasticloadbalancing-2012-06-01.json in Resources */ = {isa = PBXBuildFile; fileRef = 27894C9E19CBD48F0009D9DE /* elasticloadbalancing-2012-06-01.json */; };
		27894CAE19CBD48F0009D9DE /* email-2010-12-01.json in Resources */ = {isa = PBXBuildFile; fileRef = 27894C9F19CBD48F0009D9DE /* email-2010-12-01.json */; };
		27894CAF19CBD48F0009D9DE /* kinesis-2013-12-02.json in Resources */ = {isa = PBXBuildFile; fileRef = 27894CA019CBD48F0009D9DE /* kinesis-2013-12-02.json */; };
		27894CB019CBD48F0009D9DE /* mobileanalytics-2014-06-30.json in Resources */ = {isa = PBXBuildFile; fileRef = 27894CA119CBD48F0009D9DE /* mobileanalytics-2014-06-30.json */; };
		27894CB119CBD48F0009D9DE /* monitoring-2010-08-01.json in Resources */ = {isa = PBXBuildFile; fileRef = 27894CA219CBD48F0009D9DE /* monitoring-2010-08-01.json */; };
		27894CB219CBD48F0009D9DE /* s3-2006-03-01.json in Resources */ = {isa = PBXBuildFile; fileRef = 27894CA319CBD48F0009D9DE /* s3-2006-03-01.json */; };
		27894CB319CBD48F0009D9DE /* sdb-2009-04-15.json in Resources */ = {isa = PBXBuildFile; fileRef = 27894CA419CBD48F0009D9DE /* sdb-2009-04-15.json */; };
		27894CB419CBD48F0009D9DE /* sns-2010-03-31.json in Resources */ = {isa = PBXBuildFile; fileRef = 27894CA519CBD48F0009D9DE /* sns-2010-03-31.json */; };
		27894CB519CBD48F0009D9DE /* sqs-2012-11-05.json in Resources */ = {isa = PBXBuildFile; fileRef = 27894CA619CBD48F0009D9DE /* sqs-2012-11-05.json */; };
		27894CB619CBD48F0009D9DE /* sts-2011-06-15.json in Resources */ = {isa = PBXBuildFile; fileRef = 27894CA719CBD48F0009D9DE /* sts-2011-06-15.json */; };
		5998E57719C91BAD00A336AD /* FacebookSDK.framework in Frameworks */ = {isa = PBXBuildFile; fileRef = 5998E57619C91BAD00A336AD /* FacebookSDK.framework */; };
		5998E57B19C927E300A336AD /* AWSiOSSDKv2.framework in Frameworks */ = {isa = PBXBuildFile; fileRef = 5998E57A19C927E300A336AD /* AWSiOSSDKv2.framework */; };
		5998E5C719C9294400A336AD /* libsqlite3.dylib in Frameworks */ = {isa = PBXBuildFile; fileRef = 5998E5C619C9294400A336AD /* libsqlite3.dylib */; };
		5998E5C919C9294E00A336AD /* libz.dylib in Frameworks */ = {isa = PBXBuildFile; fileRef = 5998E5C819C9294E00A336AD /* libz.dylib */; };
		5998E5D219C929A300A336AD /* GZIP.framework in Frameworks */ = {isa = PBXBuildFile; fileRef = 5998E5CB19C929A300A336AD /* GZIP.framework */; };
		5998E5D319C929A300A336AD /* Mantle.framework in Frameworks */ = {isa = PBXBuildFile; fileRef = 5998E5CC19C929A300A336AD /* Mantle.framework */; };
		5998E5D419C929A300A336AD /* Reachability.framework in Frameworks */ = {isa = PBXBuildFile; fileRef = 5998E5CD19C929A300A336AD /* Reachability.framework */; };
		5998E5D519C929A300A336AD /* TMCache.framework in Frameworks */ = {isa = PBXBuildFile; fileRef = 5998E5CE19C929A300A336AD /* TMCache.framework */; };
		5998E5D619C929A300A336AD /* UICKeyChainStore.framework in Frameworks */ = {isa = PBXBuildFile; fileRef = 5998E5CF19C929A300A336AD /* UICKeyChainStore.framework */; };
		5998E5D719C929A300A336AD /* XMLDictionary.framework in Frameworks */ = {isa = PBXBuildFile; fileRef = 5998E5D019C929A300A336AD /* XMLDictionary.framework */; };
		5998E5F719C92B3D00A336AD /* AWSCognitoSync.framework in Frameworks */ = {isa = PBXBuildFile; fileRef = 5998E5F619C92B3D00A336AD /* AWSCognitoSync.framework */; };
		E4EC19ED19BFDF1600E94487 /* Foundation.framework in Frameworks */ = {isa = PBXBuildFile; fileRef = E4EC19EC19BFDF1600E94487 /* Foundation.framework */; };
		E4EC19EF19BFDF1600E94487 /* CoreGraphics.framework in Frameworks */ = {isa = PBXBuildFile; fileRef = E4EC19EE19BFDF1600E94487 /* CoreGraphics.framework */; };
		E4EC19F119BFDF1600E94487 /* UIKit.framework in Frameworks */ = {isa = PBXBuildFile; fileRef = E4EC19F019BFDF1600E94487 /* UIKit.framework */; };
		E4EC19F719BFDF1600E94487 /* InfoPlist.strings in Resources */ = {isa = PBXBuildFile; fileRef = E4EC19F519BFDF1600E94487 /* InfoPlist.strings */; };
		E4EC19F919BFDF1600E94487 /* main.m in Sources */ = {isa = PBXBuildFile; fileRef = E4EC19F819BFDF1600E94487 /* main.m */; };
		E4EC19FD19BFDF1600E94487 /* AppDelegate.m in Sources */ = {isa = PBXBuildFile; fileRef = E4EC19FC19BFDF1600E94487 /* AppDelegate.m */; };
		E4EC1A0019BFDF1600E94487 /* RootViewController.m in Sources */ = {isa = PBXBuildFile; fileRef = E4EC19FF19BFDF1600E94487 /* RootViewController.m */; };
		E4EC1A0319BFDF1600E94487 /* DataViewController.m in Sources */ = {isa = PBXBuildFile; fileRef = E4EC1A0219BFDF1600E94487 /* DataViewController.m */; };
		E4EC1A0619BFDF1600E94487 /* ModelController.m in Sources */ = {isa = PBXBuildFile; fileRef = E4EC1A0519BFDF1600E94487 /* ModelController.m */; };
		E4EC1A0919BFDF1600E94487 /* Main.storyboard in Resources */ = {isa = PBXBuildFile; fileRef = E4EC1A0719BFDF1600E94487 /* Main.storyboard */; };
		E4EC1A0B19BFDF1600E94487 /* Images.xcassets in Resources */ = {isa = PBXBuildFile; fileRef = E4EC1A0A19BFDF1600E94487 /* Images.xcassets */; };
		E4EC1A1219BFDF1600E94487 /* XCTest.framework in Frameworks */ = {isa = PBXBuildFile; fileRef = E4EC1A1119BFDF1600E94487 /* XCTest.framework */; };
		E4EC1A1319BFDF1600E94487 /* Foundation.framework in Frameworks */ = {isa = PBXBuildFile; fileRef = E4EC19EC19BFDF1600E94487 /* Foundation.framework */; };
		E4EC1A1419BFDF1600E94487 /* UIKit.framework in Frameworks */ = {isa = PBXBuildFile; fileRef = E4EC19F019BFDF1600E94487 /* UIKit.framework */; };
		E4EC1A1C19BFDF1600E94487 /* InfoPlist.strings in Resources */ = {isa = PBXBuildFile; fileRef = E4EC1A1A19BFDF1600E94487 /* InfoPlist.strings */; };
		E4EC1A1E19BFDF1600E94487 /* CSULB_Friend_FinderTests.m in Sources */ = {isa = PBXBuildFile; fileRef = E4EC1A1D19BFDF1600E94487 /* CSULB_Friend_FinderTests.m */; };
/* End PBXBuildFile section */

/* Begin PBXContainerItemProxy section */
		E4EC1A1519BFDF1600E94487 /* PBXContainerItemProxy */ = {
			isa = PBXContainerItemProxy;
			containerPortal = E4EC19E119BFDF1600E94487 /* Project object */;
			proxyType = 1;
			remoteGlobalIDString = E4EC19E819BFDF1600E94487;
			remoteInfo = CSULB_Friend_Finder;
		};
/* End PBXContainerItemProxy section */

/* Begin PBXFileReference section */
		27894C9919CBD48F0009D9DE /* autoscaling-2011-01-01.json */ = {isa = PBXFileReference; fileEncoding = 4; lastKnownFileType = text.json; path = "autoscaling-2011-01-01.json"; sourceTree = "<group>"; };
		27894C9A19CBD48F0009D9DE /* cib-2014-06-30.json */ = {isa = PBXFileReference; fileEncoding = 4; lastKnownFileType = text.json; path = "cib-2014-06-30.json"; sourceTree = "<group>"; };
		27894C9B19CBD48F0009D9DE /* css-2014-06-30.json */ = {isa = PBXFileReference; fileEncoding = 4; lastKnownFileType = text.json; path = "css-2014-06-30.json"; sourceTree = "<group>"; };
		27894C9C19CBD48F0009D9DE /* dynamodb-2012-08-10.json */ = {isa = PBXFileReference; fileEncoding = 4; lastKnownFileType = text.json; path = "dynamodb-2012-08-10.json"; sourceTree = "<group>"; };
		27894C9D19CBD48F0009D9DE /* ec2-2014-06-15.json */ = {isa = PBXFileReference; fileEncoding = 4; lastKnownFileType = text.json; path = "ec2-2014-06-15.json"; sourceTree = "<group>"; };
		27894C9E19CBD48F0009D9DE /* elasticloadbalancing-2012-06-01.json */ = {isa = PBXFileReference; fileEncoding = 4; lastKnownFileType = text.json; path = "elasticloadbalancing-2012-06-01.json"; sourceTree = "<group>"; };
		27894C9F19CBD48F0009D9DE /* email-2010-12-01.json */ = {isa = PBXFileReference; fileEncoding = 4; lastKnownFileType = text.json; path = "email-2010-12-01.json"; sourceTree = "<group>"; };
		27894CA019CBD48F0009D9DE /* kinesis-2013-12-02.json */ = {isa = PBXFileReference; fileEncoding = 4; lastKnownFileType = text.json; path = "kinesis-2013-12-02.json"; sourceTree = "<group>"; };
		27894CA119CBD48F0009D9DE /* mobileanalytics-2014-06-30.json */ = {isa = PBXFileReference; fileEncoding = 4; lastKnownFileType = text.json; path = "mobileanalytics-2014-06-30.json"; sourceTree = "<group>"; };
		27894CA219CBD48F0009D9DE /* monitoring-2010-08-01.json */ = {isa = PBXFileReference; fileEncoding = 4; lastKnownFileType = text.json; path = "monitoring-2010-08-01.json"; sourceTree = "<group>"; };
		27894CA319CBD48F0009D9DE /* s3-2006-03-01.json */ = {isa = PBXFileReference; fileEncoding = 4; lastKnownFileType = text.json; path = "s3-2006-03-01.json"; sourceTree = "<group>"; };
		27894CA419CBD48F0009D9DE /* sdb-2009-04-15.json */ = {isa = PBXFileReference; fileEncoding = 4; lastKnownFileType = text.json; path = "sdb-2009-04-15.json"; sourceTree = "<group>"; };
		27894CA519CBD48F0009D9DE /* sns-2010-03-31.json */ = {isa = PBXFileReference; fileEncoding = 4; lastKnownFileType = text.json; path = "sns-2010-03-31.json"; sourceTree = "<group>"; };
		27894CA619CBD48F0009D9DE /* sqs-2012-11-05.json */ = {isa = PBXFileReference; fileEncoding = 4; lastKnownFileType = text.json; path = "sqs-2012-11-05.json"; sourceTree = "<group>"; };
		27894CA719CBD48F0009D9DE /* sts-2011-06-15.json */ = {isa = PBXFileReference; fileEncoding = 4; lastKnownFileType = text.json; path = "sts-2011-06-15.json"; sourceTree = "<group>"; };
		5998E57619C91BAD00A336AD /* FacebookSDK.framework */ = {isa = PBXFileReference; lastKnownFileType = wrapper.framework; name = FacebookSDK.framework; path = ../../Documents/FacebookSDK/FacebookSDK.framework; sourceTree = "<group>"; };
		5998E57A19C927E300A336AD /* AWSiOSSDKv2.framework */ = {isa = PBXFileReference; lastKnownFileType = wrapper.framework; name = AWSiOSSDKv2.framework; path = "../aws-ios-sdk-2.0.7/frameworks/AWSiOSSDKv2.framework"; sourceTree = "<group>"; };
		5998E5C619C9294400A336AD /* libsqlite3.dylib */ = {isa = PBXFileReference; lastKnownFileType = "compiled.mach-o.dylib"; name = libsqlite3.dylib; path = usr/lib/libsqlite3.dylib; sourceTree = SDKROOT; };
		5998E5C819C9294E00A336AD /* libz.dylib */ = {isa = PBXFileReference; lastKnownFileType = "compiled.mach-o.dylib"; name = libz.dylib; path = usr/lib/libz.dylib; sourceTree = SDKROOT; };
		5998E5CB19C929A300A336AD /* GZIP.framework */ = {isa = PBXFileReference; lastKnownFileType = wrapper.framework; name = GZIP.framework; path = "../aws-ios-sdk-2.0.7/third-party/GZIP.framework"; sourceTree = "<group>"; };
		5998E5CC19C929A300A336AD /* Mantle.framework */ = {isa = PBXFileReference; lastKnownFileType = wrapper.framework; name = Mantle.framework; path = "../aws-ios-sdk-2.0.7/third-party/Mantle.framework"; sourceTree = "<group>"; };
		5998E5CD19C929A300A336AD /* Reachability.framework */ = {isa = PBXFileReference; lastKnownFileType = wrapper.framework; name = Reachability.framework; path = "../aws-ios-sdk-2.0.7/third-party/Reachability.framework"; sourceTree = "<group>"; };
		5998E5CE19C929A300A336AD /* TMCache.framework */ = {isa = PBXFileReference; lastKnownFileType = wrapper.framework; name = TMCache.framework; path = "../aws-ios-sdk-2.0.7/third-party/TMCache.framework"; sourceTree = "<group>"; };
		5998E5CF19C929A300A336AD /* UICKeyChainStore.framework */ = {isa = PBXFileReference; lastKnownFileType = wrapper.framework; name = UICKeyChainStore.framework; path = "../aws-ios-sdk-2.0.7/third-party/UICKeyChainStore.framework"; sourceTree = "<group>"; };
		5998E5D019C929A300A336AD /* XMLDictionary.framework */ = {isa = PBXFileReference; lastKnownFileType = wrapper.framework; name = XMLDictionary.framework; path = "../aws-ios-sdk-2.0.7/third-party/XMLDictionary.framework"; sourceTree = "<group>"; };
		5998E5F619C92B3D00A336AD /* AWSCognitoSync.framework */ = {isa = PBXFileReference; lastKnownFileType = wrapper.framework; name = AWSCognitoSync.framework; path = "../aws-ios-sdk-2.0.7/frameworks/extras/AWSCognitoSync.framework"; sourceTree = "<group>"; };
		E4EC19E919BFDF1600E94487 /* CSULB_Friend_Finder.app */ = {isa = PBXFileReference; explicitFileType = wrapper.application; includeInIndex = 0; path = CSULB_Friend_Finder.app; sourceTree = BUILT_PRODUCTS_DIR; };
		E4EC19EC19BFDF1600E94487 /* Foundation.framework */ = {isa = PBXFileReference; lastKnownFileType = wrapper.framework; name = Foundation.framework; path = System/Library/Frameworks/Foundation.framework; sourceTree = SDKROOT; };
		E4EC19EE19BFDF1600E94487 /* CoreGraphics.framework */ = {isa = PBXFileReference; lastKnownFileType = wrapper.framework; name = CoreGraphics.framework; path = System/Library/Frameworks/CoreGraphics.framework; sourceTree = SDKROOT; };
		E4EC19F019BFDF1600E94487 /* UIKit.framework */ = {isa = PBXFileReference; lastKnownFileType = wrapper.framework; name = UIKit.framework; path = System/Library/Frameworks/UIKit.framework; sourceTree = SDKROOT; };
		E4EC19F419BFDF1600E94487 /* CSULB_Friend_Finder-Info.plist */ = {isa = PBXFileReference; lastKnownFileType = text.plist.xml; path = "CSULB_Friend_Finder-Info.plist"; sourceTree = "<group>"; };
		E4EC19F619BFDF1600E94487 /* en */ = {isa = PBXFileReference; lastKnownFileType = text.plist.strings; name = en; path = en.lproj/InfoPlist.strings; sourceTree = "<group>"; };
		E4EC19F819BFDF1600E94487 /* main.m */ = {isa = PBXFileReference; lastKnownFileType = sourcecode.c.objc; path = main.m; sourceTree = "<group>"; };
		E4EC19FA19BFDF1600E94487 /* CSULB_Friend_Finder-Prefix.pch */ = {isa = PBXFileReference; lastKnownFileType = sourcecode.c.h; path = "CSULB_Friend_Finder-Prefix.pch"; sourceTree = "<group>"; };
		E4EC19FB19BFDF1600E94487 /* AppDelegate.h */ = {isa = PBXFileReference; lastKnownFileType = sourcecode.c.h; path = AppDelegate.h; sourceTree = "<group>"; };
		E4EC19FC19BFDF1600E94487 /* AppDelegate.m */ = {isa = PBXFileReference; lastKnownFileType = sourcecode.c.objc; path = AppDelegate.m; sourceTree = "<group>"; };
		E4EC19FE19BFDF1600E94487 /* RootViewController.h */ = {isa = PBXFileReference; lastKnownFileType = sourcecode.c.h; path = RootViewController.h; sourceTree = "<group>"; };
		E4EC19FF19BFDF1600E94487 /* RootViewController.m */ = {isa = PBXFileReference; lastKnownFileType = sourcecode.c.objc; path = RootViewController.m; sourceTree = "<group>"; };
		E4EC1A0119BFDF1600E94487 /* DataViewController.h */ = {isa = PBXFileReference; lastKnownFileType = sourcecode.c.h; path = DataViewController.h; sourceTree = "<group>"; };
		E4EC1A0219BFDF1600E94487 /* DataViewController.m */ = {isa = PBXFileReference; lastKnownFileType = sourcecode.c.objc; path = DataViewController.m; sourceTree = "<group>"; };
		E4EC1A0419BFDF1600E94487 /* ModelController.h */ = {isa = PBXFileReference; lastKnownFileType = sourcecode.c.h; path = ModelController.h; sourceTree = "<group>"; };
		E4EC1A0519BFDF1600E94487 /* ModelController.m */ = {isa = PBXFileReference; lastKnownFileType = sourcecode.c.objc; path = ModelController.m; sourceTree = "<group>"; };
		E4EC1A0819BFDF1600E94487 /* Base */ = {isa = PBXFileReference; lastKnownFileType = file.storyboard; name = Base; path = Base.lproj/Main.storyboard; sourceTree = "<group>"; };
		E4EC1A0A19BFDF1600E94487 /* Images.xcassets */ = {isa = PBXFileReference; lastKnownFileType = folder.assetcatalog; path = Images.xcassets; sourceTree = "<group>"; };
		E4EC1A1019BFDF1600E94487 /* CSULB_Friend_FinderTests.xctest */ = {isa = PBXFileReference; explicitFileType = wrapper.cfbundle; includeInIndex = 0; path = CSULB_Friend_FinderTests.xctest; sourceTree = BUILT_PRODUCTS_DIR; };
		E4EC1A1119BFDF1600E94487 /* XCTest.framework */ = {isa = PBXFileReference; lastKnownFileType = wrapper.framework; name = XCTest.framework; path = Library/Frameworks/XCTest.framework; sourceTree = DEVELOPER_DIR; };
		E4EC1A1919BFDF1600E94487 /* CSULB_Friend_FinderTests-Info.plist */ = {isa = PBXFileReference; lastKnownFileType = text.plist.xml; path = "CSULB_Friend_FinderTests-Info.plist"; sourceTree = "<group>"; };
		E4EC1A1B19BFDF1600E94487 /* en */ = {isa = PBXFileReference; lastKnownFileType = text.plist.strings; name = en; path = en.lproj/InfoPlist.strings; sourceTree = "<group>"; };
		E4EC1A1D19BFDF1600E94487 /* CSULB_Friend_FinderTests.m */ = {isa = PBXFileReference; lastKnownFileType = sourcecode.c.objc; path = CSULB_Friend_FinderTests.m; sourceTree = "<group>"; };
/* End PBXFileReference section */

/* Begin PBXFrameworksBuildPhase section */
		E4EC19E619BFDF1600E94487 /* Frameworks */ = {
			isa = PBXFrameworksBuildPhase;
			buildActionMask = 2147483647;
			files = (
				5998E5C919C9294E00A336AD /* libz.dylib in Frameworks */,
				5998E5D619C929A300A336AD /* UICKeyChainStore.framework in Frameworks */,
				5998E5D319C929A300A336AD /* Mantle.framework in Frameworks */,
				5998E5F719C92B3D00A336AD /* AWSCognitoSync.framework in Frameworks */,
				5998E5D519C929A300A336AD /* TMCache.framework in Frameworks */,
				5998E5D219C929A300A336AD /* GZIP.framework in Frameworks */,
				5998E5C719C9294400A336AD /* libsqlite3.dylib in Frameworks */,
				5998E5D719C929A300A336AD /* XMLDictionary.framework in Frameworks */,
				5998E5D419C929A300A336AD /* Reachability.framework in Frameworks */,
				E4EC19EF19BFDF1600E94487 /* CoreGraphics.framework in Frameworks */,
				5998E57719C91BAD00A336AD /* FacebookSDK.framework in Frameworks */,
				E4EC19F119BFDF1600E94487 /* UIKit.framework in Frameworks */,
				E4EC19ED19BFDF1600E94487 /* Foundation.framework in Frameworks */,
				5998E57B19C927E300A336AD /* AWSiOSSDKv2.framework in Frameworks */,
			);
			runOnlyForDeploymentPostprocessing = 0;
		};
		E4EC1A0D19BFDF1600E94487 /* Frameworks */ = {
			isa = PBXFrameworksBuildPhase;
			buildActionMask = 2147483647;
			files = (
				E4EC1A1219BFDF1600E94487 /* XCTest.framework in Frameworks */,
				E4EC1A1419BFDF1600E94487 /* UIKit.framework in Frameworks */,
				E4EC1A1319BFDF1600E94487 /* Foundation.framework in Frameworks */,
			);
			runOnlyForDeploymentPostprocessing = 0;
		};
/* End PBXFrameworksBuildPhase section */

/* Begin PBXGroup section */
		E4EC19E019BFDF1600E94487 = {
			isa = PBXGroup;
			children = (
				27894C9919CBD48F0009D9DE /* autoscaling-2011-01-01.json */,
				27894C9A19CBD48F0009D9DE /* cib-2014-06-30.json */,
				27894C9B19CBD48F0009D9DE /* css-2014-06-30.json */,
				27894C9C19CBD48F0009D9DE /* dynamodb-2012-08-10.json */,
				27894C9D19CBD48F0009D9DE /* ec2-2014-06-15.json */,
				27894C9E19CBD48F0009D9DE /* elasticloadbalancing-2012-06-01.json */,
				27894C9F19CBD48F0009D9DE /* email-2010-12-01.json */,
				27894CA019CBD48F0009D9DE /* kinesis-2013-12-02.json */,
				27894CA119CBD48F0009D9DE /* mobileanalytics-2014-06-30.json */,
				27894CA219CBD48F0009D9DE /* monitoring-2010-08-01.json */,
				27894CA319CBD48F0009D9DE /* s3-2006-03-01.json */,
				27894CA419CBD48F0009D9DE /* sdb-2009-04-15.json */,
				27894CA519CBD48F0009D9DE /* sns-2010-03-31.json */,
				27894CA619CBD48F0009D9DE /* sqs-2012-11-05.json */,
				27894CA719CBD48F0009D9DE /* sts-2011-06-15.json */,
				E4EC19F219BFDF1600E94487 /* CSULB_Friend_Finder */,
				E4EC1A1719BFDF1600E94487 /* CSULB_Friend_FinderTests */,
				E4EC19EB19BFDF1600E94487 /* Frameworks */,
				E4EC19EA19BFDF1600E94487 /* Products */,
			);
			sourceTree = "<group>";
		};
		E4EC19EA19BFDF1600E94487 /* Products */ = {
			isa = PBXGroup;
			children = (
				E4EC19E919BFDF1600E94487 /* CSULB_Friend_Finder.app */,
				E4EC1A1019BFDF1600E94487 /* CSULB_Friend_FinderTests.xctest */,
			);
			name = Products;
			sourceTree = "<group>";
		};
		E4EC19EB19BFDF1600E94487 /* Frameworks */ = {
			isa = PBXGroup;
			children = (
				5998E5F619C92B3D00A336AD /* AWSCognitoSync.framework */,
				5998E5CB19C929A300A336AD /* GZIP.framework */,
				5998E5CC19C929A300A336AD /* Mantle.framework */,
				5998E5CD19C929A300A336AD /* Reachability.framework */,
				5998E5CE19C929A300A336AD /* TMCache.framework */,
				5998E5CF19C929A300A336AD /* UICKeyChainStore.framework */,
				5998E5D019C929A300A336AD /* XMLDictionary.framework */,
				5998E5C819C9294E00A336AD /* libz.dylib */,
				5998E5C619C9294400A336AD /* libsqlite3.dylib */,
				5998E57A19C927E300A336AD /* AWSiOSSDKv2.framework */,
				5998E57619C91BAD00A336AD /* FacebookSDK.framework */,
				E4EC19EC19BFDF1600E94487 /* Foundation.framework */,
				E4EC19EE19BFDF1600E94487 /* CoreGraphics.framework */,
				E4EC19F019BFDF1600E94487 /* UIKit.framework */,
				E4EC1A1119BFDF1600E94487 /* XCTest.framework */,
			);
			name = Frameworks;
			sourceTree = "<group>";
		};
		E4EC19F219BFDF1600E94487 /* CSULB_Friend_Finder */ = {
			isa = PBXGroup;
			children = (
				E4EC19FB19BFDF1600E94487 /* AppDelegate.h */,
				E4EC19FC19BFDF1600E94487 /* AppDelegate.m */,
				E4EC19FE19BFDF1600E94487 /* RootViewController.h */,
				E4EC19FF19BFDF1600E94487 /* RootViewController.m */,
				E4EC1A0119BFDF1600E94487 /* DataViewController.h */,
				E4EC1A0219BFDF1600E94487 /* DataViewController.m */,
				E4EC1A0419BFDF1600E94487 /* ModelController.h */,
				E4EC1A0519BFDF1600E94487 /* ModelController.m */,
				E4EC1A0719BFDF1600E94487 /* Main.storyboard */,
				E4EC1A0A19BFDF1600E94487 /* Images.xcassets */,
				E4EC19F319BFDF1600E94487 /* Supporting Files */,
			);
			path = CSULB_Friend_Finder;
			sourceTree = "<group>";
		};
		E4EC19F319BFDF1600E94487 /* Supporting Files */ = {
			isa = PBXGroup;
			children = (
				E4EC19F419BFDF1600E94487 /* CSULB_Friend_Finder-Info.plist */,
				E4EC19F519BFDF1600E94487 /* InfoPlist.strings */,
				E4EC19F819BFDF1600E94487 /* main.m */,
				E4EC19FA19BFDF1600E94487 /* CSULB_Friend_Finder-Prefix.pch */,
			);
			name = "Supporting Files";
			sourceTree = "<group>";
		};
		E4EC1A1719BFDF1600E94487 /* CSULB_Friend_FinderTests */ = {
			isa = PBXGroup;
			children = (
				E4EC1A1D19BFDF1600E94487 /* CSULB_Friend_FinderTests.m */,
				E4EC1A1819BFDF1600E94487 /* Supporting Files */,
			);
			path = CSULB_Friend_FinderTests;
			sourceTree = "<group>";
		};
		E4EC1A1819BFDF1600E94487 /* Supporting Files */ = {
			isa = PBXGroup;
			children = (
				E4EC1A1919BFDF1600E94487 /* CSULB_Friend_FinderTests-Info.plist */,
				E4EC1A1A19BFDF1600E94487 /* InfoPlist.strings */,
			);
			name = "Supporting Files";
			sourceTree = "<group>";
		};
/* End PBXGroup section */

/* Begin PBXNativeTarget section */
		E4EC19E819BFDF1600E94487 /* CSULB_Friend_Finder */ = {
			isa = PBXNativeTarget;
			buildConfigurationList = E4EC1A2119BFDF1600E94487 /* Build configuration list for PBXNativeTarget "CSULB_Friend_Finder" */;
			buildPhases = (
				E4EC19E519BFDF1600E94487 /* Sources */,
				E4EC19E619BFDF1600E94487 /* Frameworks */,
				E4EC19E719BFDF1600E94487 /* Resources */,
			);
			buildRules = (
			);
			dependencies = (
			);
			name = CSULB_Friend_Finder;
			productName = CSULB_Friend_Finder;
			productReference = E4EC19E919BFDF1600E94487 /* CSULB_Friend_Finder.app */;
			productType = "com.apple.product-type.application";
		};
		E4EC1A0F19BFDF1600E94487 /* CSULB_Friend_FinderTests */ = {
			isa = PBXNativeTarget;
			buildConfigurationList = E4EC1A2419BFDF1600E94487 /* Build configuration list for PBXNativeTarget "CSULB_Friend_FinderTests" */;
			buildPhases = (
				E4EC1A0C19BFDF1600E94487 /* Sources */,
				E4EC1A0D19BFDF1600E94487 /* Frameworks */,
				E4EC1A0E19BFDF1600E94487 /* Resources */,
			);
			buildRules = (
			);
			dependencies = (
				E4EC1A1619BFDF1600E94487 /* PBXTargetDependency */,
			);
			name = CSULB_Friend_FinderTests;
			productName = CSULB_Friend_FinderTests;
			productReference = E4EC1A1019BFDF1600E94487 /* CSULB_Friend_FinderTests.xctest */;
			productType = "com.apple.product-type.bundle.unit-test";
		};
/* End PBXNativeTarget section */

/* Begin PBXProject section */
		E4EC19E119BFDF1600E94487 /* Project object */ = {
			isa = PBXProject;
			attributes = {
				LastUpgradeCheck = 0510;
				ORGANIZATIONNAME = "___FULLUSERNAME___";
				TargetAttributes = {
					E4EC1A0F19BFDF1600E94487 = {
						TestTargetID = E4EC19E819BFDF1600E94487;
					};
				};
			};
			buildConfigurationList = E4EC19E419BFDF1600E94487 /* Build configuration list for PBXProject "CSULB_Friend_Finder" */;
			compatibilityVersion = "Xcode 3.2";
			developmentRegion = English;
			hasScannedForEncodings = 0;
			knownRegions = (
				en,
				Base,
			);
			mainGroup = E4EC19E019BFDF1600E94487;
			productRefGroup = E4EC19EA19BFDF1600E94487 /* Products */;
			projectDirPath = "";
			projectRoot = "";
			targets = (
				E4EC19E819BFDF1600E94487 /* CSULB_Friend_Finder */,
				E4EC1A0F19BFDF1600E94487 /* CSULB_Friend_FinderTests */,
			);
		};
/* End PBXProject section */

/* Begin PBXResourcesBuildPhase section */
		E4EC19E719BFDF1600E94487 /* Resources */ = {
			isa = PBXResourcesBuildPhase;
			buildActionMask = 2147483647;
			files = (
				27894CB419CBD48F0009D9DE /* sns-2010-03-31.json in Resources */,
				27894CA919CBD48F0009D9DE /* cib-2014-06-30.json in Resources */,
				27894CAD19CBD48F0009D9DE /* elasticloadbalancing-2012-06-01.json in Resources */,
				27894CB019CBD48F0009D9DE /* mobileanalytics-2014-06-30.json in Resources */,
				E4EC1A0B19BFDF1600E94487 /* Images.xcassets in Resources */,
				27894CAE19CBD48F0009D9DE /* email-2010-12-01.json in Resources */,
				27894CB619CBD48F0009D9DE /* sts-2011-06-15.json in Resources */,
				27894CAF19CBD48F0009D9DE /* kinesis-2013-12-02.json in Resources */,
				27894CB519CBD48F0009D9DE /* sqs-2012-11-05.json in Resources */,
				E4EC19F719BFDF1600E94487 /* InfoPlist.strings in Resources */,
				27894CB219CBD48F0009D9DE /* s3-2006-03-01.json in Resources */,
				27894CA819CBD48F0009D9DE /* autoscaling-2011-01-01.json in Resources */,
				27894CB319CBD48F0009D9DE /* sdb-2009-04-15.json in Resources */,
				E4EC1A0919BFDF1600E94487 /* Main.storyboard in Resources */,
				27894CAA19CBD48F0009D9DE /* css-2014-06-30.json in Resources */,
				27894CAB19CBD48F0009D9DE /* dynamodb-2012-08-10.json in Resources */,
				27894CB119CBD48F0009D9DE /* monitoring-2010-08-01.json in Resources */,
				27894CAC19CBD48F0009D9DE /* ec2-2014-06-15.json in Resources */,
			);
			runOnlyForDeploymentPostprocessing = 0;
		};
		E4EC1A0E19BFDF1600E94487 /* Resources */ = {
			isa = PBXResourcesBuildPhase;
			buildActionMask = 2147483647;
			files = (
				E4EC1A1C19BFDF1600E94487 /* InfoPlist.strings in Resources */,
			);
			runOnlyForDeploymentPostprocessing = 0;
		};
/* End PBXResourcesBuildPhase section */

/* Begin PBXSourcesBuildPhase section */
		E4EC19E519BFDF1600E94487 /* Sources */ = {
			isa = PBXSourcesBuildPhase;
			buildActionMask = 2147483647;
			files = (
				E4EC1A0319BFDF1600E94487 /* DataViewController.m in Sources */,
				E4EC19FD19BFDF1600E94487 /* AppDelegate.m in Sources */,
				E4EC1A0619BFDF1600E94487 /* ModelController.m in Sources */,
				E4EC19F919BFDF1600E94487 /* main.m in Sources */,
				E4EC1A0019BFDF1600E94487 /* RootViewController.m in Sources */,
			);
			runOnlyForDeploymentPostprocessing = 0;
		};
		E4EC1A0C19BFDF1600E94487 /* Sources */ = {
			isa = PBXSourcesBuildPhase;
			buildActionMask = 2147483647;
			files = (
				E4EC1A1E19BFDF1600E94487 /* CSULB_Friend_FinderTests.m in Sources */,
			);
			runOnlyForDeploymentPostprocessing = 0;
		};
/* End PBXSourcesBuildPhase section */

/* Begin PBXTargetDependency section */
		E4EC1A1619BFDF1600E94487 /* PBXTargetDependency */ = {
			isa = PBXTargetDependency;
			target = E4EC19E819BFDF1600E94487 /* CSULB_Friend_Finder */;
			targetProxy = E4EC1A1519BFDF1600E94487 /* PBXContainerItemProxy */;
		};
/* End PBXTargetDependency section */

/* Begin PBXVariantGroup section */
		E4EC19F519BFDF1600E94487 /* InfoPlist.strings */ = {
			isa = PBXVariantGroup;
			children = (
				E4EC19F619BFDF1600E94487 /* en */,
			);
			name = InfoPlist.strings;
			sourceTree = "<group>";
		};
		E4EC1A0719BFDF1600E94487 /* Main.storyboard */ = {
			isa = PBXVariantGroup;
			children = (
				E4EC1A0819BFDF1600E94487 /* Base */,
			);
			name = Main.storyboard;
			sourceTree = "<group>";
		};
		E4EC1A1A19BFDF1600E94487 /* InfoPlist.strings */ = {
			isa = PBXVariantGroup;
			children = (
				E4EC1A1B19BFDF1600E94487 /* en */,
			);
			name = InfoPlist.strings;
			sourceTree = "<group>";
		};
/* End PBXVariantGroup section */

/* Begin XCBuildConfiguration section */
		E4EC1A1F19BFDF1600E94487 /* Debug */ = {
			isa = XCBuildConfiguration;
			buildSettings = {
				ALWAYS_SEARCH_USER_PATHS = NO;
				CLANG_CXX_LANGUAGE_STANDARD = "gnu++0x";
				CLANG_CXX_LIBRARY = "libc++";
				CLANG_ENABLE_MODULES = YES;
				CLANG_ENABLE_OBJC_ARC = YES;
				CLANG_WARN_BOOL_CONVERSION = YES;
				CLANG_WARN_CONSTANT_CONVERSION = YES;
				CLANG_WARN_DIRECT_OBJC_ISA_USAGE = YES_ERROR;
				CLANG_WARN_EMPTY_BODY = YES;
				CLANG_WARN_ENUM_CONVERSION = YES;
				CLANG_WARN_INT_CONVERSION = YES;
				CLANG_WARN_OBJC_ROOT_CLASS = YES_ERROR;
				CLANG_WARN__DUPLICATE_METHOD_MATCH = YES;
				"CODE_SIGN_IDENTITY[sdk=iphoneos*]" = "iPhone Developer";
				COPY_PHASE_STRIP = NO;
				GCC_C_LANGUAGE_STANDARD = gnu99;
				GCC_DYNAMIC_NO_PIC = NO;
				GCC_OPTIMIZATION_LEVEL = 0;
				GCC_PREPROCESSOR_DEFINITIONS = (
					"DEBUG=1",
					"$(inherited)",
				);
				GCC_SYMBOLS_PRIVATE_EXTERN = NO;
				GCC_WARN_64_TO_32_BIT_CONVERSION = YES;
				GCC_WARN_ABOUT_RETURN_TYPE = YES_ERROR;
				GCC_WARN_UNDECLARED_SELECTOR = YES;
				GCC_WARN_UNINITIALIZED_AUTOS = YES_AGGRESSIVE;
				GCC_WARN_UNUSED_FUNCTION = YES;
				GCC_WARN_UNUSED_VARIABLE = YES;
				IPHONEOS_DEPLOYMENT_TARGET = 7.1;
				ONLY_ACTIVE_ARCH = YES;
				SDKROOT = iphoneos;
			};
			name = Debug;
		};
		E4EC1A2019BFDF1600E94487 /* Release */ = {
			isa = XCBuildConfiguration;
			buildSettings = {
				ALWAYS_SEARCH_USER_PATHS = NO;
				CLANG_CXX_LANGUAGE_STANDARD = "gnu++0x";
				CLANG_CXX_LIBRARY = "libc++";
				CLANG_ENABLE_MODULES = YES;
				CLANG_ENABLE_OBJC_ARC = YES;
				CLANG_WARN_BOOL_CONVERSION = YES;
				CLANG_WARN_CONSTANT_CONVERSION = YES;
				CLANG_WARN_DIRECT_OBJC_ISA_USAGE = YES_ERROR;
				CLANG_WARN_EMPTY_BODY = YES;
				CLANG_WARN_ENUM_CONVERSION = YES;
				CLANG_WARN_INT_CONVERSION = YES;
				CLANG_WARN_OBJC_ROOT_CLASS = YES_ERROR;
				CLANG_WARN__DUPLICATE_METHOD_MATCH = YES;
				"CODE_SIGN_IDENTITY[sdk=iphoneos*]" = "iPhone Developer";
				COPY_PHASE_STRIP = YES;
				ENABLE_NS_ASSERTIONS = NO;
				GCC_C_LANGUAGE_STANDARD = gnu99;
				GCC_WARN_64_TO_32_BIT_CONVERSION = YES;
				GCC_WARN_ABOUT_RETURN_TYPE = YES_ERROR;
				GCC_WARN_UNDECLARED_SELECTOR = YES;
				GCC_WARN_UNINITIALIZED_AUTOS = YES_AGGRESSIVE;
				GCC_WARN_UNUSED_FUNCTION = YES;
				GCC_WARN_UNUSED_VARIABLE = YES;
				IPHONEOS_DEPLOYMENT_TARGET = 7.1;
				SDKROOT = iphoneos;
				VALIDATE_PRODUCT = YES;
			};
			name = Release;
		};
		E4EC1A2219BFDF1600E94487 /* Debug */ = {
			isa = XCBuildConfiguration;
			buildSettings = {
				ALWAYS_SEARCH_USER_PATHS = YES;
				ASSETCATALOG_COMPILER_APPICON_NAME = AppIcon;
				ASSETCATALOG_COMPILER_LAUNCHIMAGE_NAME = LaunchImage;
				FRAMEWORK_SEARCH_PATHS = (
					/Users/Mando/Documents/FacebookSDK,
					"/Users/Mando/Desktop/aws-ios-sdk-2.0.7/frameworks",
					"/Users/Mando/Desktop/aws-ios-sdk-2.0.7/frameworks/AWSiOSSDKv2.framework/",
					"/Users/Mando/Desktop/aws-ios-sdk-2.0.7/third-party",
					"/Users/Mando/Desktop/aws-ios-sdk-2.0.7/frameworks/extras",
				);
				GCC_PRECOMPILE_PREFIX_HEADER = YES;
				GCC_PREFIX_HEADER = "CSULB_Friend_Finder/CSULB_Friend_Finder-Prefix.pch";
				INFOPLIST_FILE = "CSULB_Friend_Finder/CSULB_Friend_Finder-Info.plist";
				LIBRARY_SEARCH_PATHS = "";
				OTHER_LDFLAGS = "-ObjC";
				PRODUCT_NAME = "$(TARGET_NAME)";
				WRAPPER_EXTENSION = app;
			};
			name = Debug;
		};
		E4EC1A2319BFDF1600E94487 /* Release */ = {
			isa = XCBuildConfiguration;
			buildSettings = {
				ALWAYS_SEARCH_USER_PATHS = YES;
				ASSETCATALOG_COMPILER_APPICON_NAME = AppIcon;
				ASSETCATALOG_COMPILER_LAUNCHIMAGE_NAME = LaunchImage;
				FRAMEWORK_SEARCH_PATHS = (
					/Users/Mando/Documents/FacebookSDK,
					"/Users/Mando/Desktop/aws-ios-sdk-2.0.7/frameworks",
					"/Users/Mando/Desktop/aws-ios-sdk-2.0.7/frameworks/AWSiOSSDKv2.framework/",
					"/Users/Mando/Desktop/aws-ios-sdk-2.0.7/third-party",
					"/Users/Mando/Desktop/aws-ios-sdk-2.0.7/frameworks/extras",
				);
				GCC_PRECOMPILE_PREFIX_HEADER = YES;
				GCC_PREFIX_HEADER = "CSULB_Friend_Finder/CSULB_Friend_Finder-Prefix.pch";
				INFOPLIST_FILE = "CSULB_Friend_Finder/CSULB_Friend_Finder-Info.plist";
				LIBRARY_SEARCH_PATHS = "";
				OTHER_LDFLAGS = "-ObjC";
				PRODUCT_NAME = "$(TARGET_NAME)";
				WRAPPER_EXTENSION = app;
			};
			name = Release;
		};
		E4EC1A2519BFDF1600E94487 /* Debug */ = {
			isa = XCBuildConfiguration;
			buildSettings = {
				BUNDLE_LOADER = "$(BUILT_PRODUCTS_DIR)/CSULB_Friend_Finder.app/CSULB_Friend_Finder";
				FRAMEWORK_SEARCH_PATHS = (
					"$(SDKROOT)/Developer/Library/Frameworks",
					"$(inherited)",
					"$(DEVELOPER_FRAMEWORKS_DIR)",
				);
				GCC_PRECOMPILE_PREFIX_HEADER = YES;
				GCC_PREFIX_HEADER = "CSULB_Friend_Finder/CSULB_Friend_Finder-Prefix.pch";
				GCC_PREPROCESSOR_DEFINITIONS = (
					"DEBUG=1",
					"$(inherited)",
				);
				INFOPLIST_FILE = "CSULB_Friend_FinderTests/CSULB_Friend_FinderTests-Info.plist";
				PRODUCT_NAME = "$(TARGET_NAME)";
				TEST_HOST = "$(BUNDLE_LOADER)";
				WRAPPER_EXTENSION = xctest;
			};
			name = Debug;
		};
		E4EC1A2619BFDF1600E94487 /* Release */ = {
			isa = XCBuildConfiguration;
			buildSettings = {
				BUNDLE_LOADER = "$(BUILT_PRODUCTS_DIR)/CSULB_Friend_Finder.app/CSULB_Friend_Finder";
				FRAMEWORK_SEARCH_PATHS = (
					"$(SDKROOT)/Developer/Library/Frameworks",
					"$(inherited)",
					"$(DEVELOPER_FRAMEWORKS_DIR)",
				);
				GCC_PRECOMPILE_PREFIX_HEADER = YES;
				GCC_PREFIX_HEADER = "CSULB_Friend_Finder/CSULB_Friend_Finder-Prefix.pch";
				INFOPLIST_FILE = "CSULB_Friend_FinderTests/CSULB_Friend_FinderTests-Info.plist";
				PRODUCT_NAME = "$(TARGET_NAME)";
				TEST_HOST = "$(BUNDLE_LOADER)";
				WRAPPER_EXTENSION = xctest;
			};
			name = Release;
		};
/* End XCBuildConfiguration section */

/* Begin XCConfigurationList section */
		E4EC19E419BFDF1600E94487 /* Build configuration list for PBXProject "CSULB_Friend_Finder" */ = {
			isa = XCConfigurationList;
			buildConfigurations = (
				E4EC1A1F19BFDF1600E94487 /* Debug */,
				E4EC1A2019BFDF1600E94487 /* Release */,
			);
			defaultConfigurationIsVisible = 0;
			defaultConfigurationName = Release;
		};
		E4EC1A2119BFDF1600E94487 /* Build configuration list for PBXNativeTarget "CSULB_Friend_Finder" */ = {
			isa = XCConfigurationList;
			buildConfigurations = (
				E4EC1A2219BFDF1600E94487 /* Debug */,
				E4EC1A2319BFDF1600E94487 /* Release */,
			);
			defaultConfigurationIsVisible = 0;
			defaultConfigurationName = Release;
		};
		E4EC1A2419BFDF1600E94487 /* Build configuration list for PBXNativeTarget "CSULB_Friend_FinderTests" */ = {
			isa = XCConfigurationList;
			buildConfigurations = (
				E4EC1A2519BFDF1600E94487 /* Debug */,
				E4EC1A2619BFDF1600E94487 /* Release */,
			);
			defaultConfigurationIsVisible = 0;
			defaultConfigurationName = Release;
		};
/* End XCConfigurationList section */
	};
	rootObject = E4EC19E119BFDF1600E94487 /* Project object */;
}
